
Microsoft Visual Studio Solution File, Format Version 12.00
# Visual Studio Version 16
VisualStudioVersion = 16.0.31911.196
MinimumVisualStudioVersion = 10.0.40219.1
Project("{FAE04EC0-301F-11D3-BF4B-00C04F79EFBC}") = "Consolas", "Consolas\Consolas.csproj", "{B5A420A0-FD92-4E56-B8C6-0B31DEA3F53B}"
EndProject
Global
	GlobalSection(SolutionConfigurationPlatforms) = preSolution
		Debug|Any CPU = Debug|Any CPU
		Release|Any CPU = Release|Any CPU
	EndGlobalSection
	GlobalSection(ProjectConfigurationPlatforms) = postSolution
		{B5A420A0-FD92-4E56-B8C6-0B31DEA3F53B}.Debug|Any CPU.ActiveCfg = Debug|Any CPU
		{B5A420A0-FD92-4E56-B8C6-0B31DEA3F53B}.Debug|Any CPU.Build.0 = Debug|Any CPU
		{B5A420A0-FD92-4E56-B8C6-0B31DEA3F53B}.Release|Any CPU.ActiveCfg = Release|Any CPU
		{B5A420A0-FD92-4E56-B8C6-0B31DEA3F53B}.Release|Any CPU.Build.0 = Release|Any CPU
	EndGlobalSection
	GlobalSection(SolutionProperties) = preSolution
		HideSolutionNode = FALSE
	EndGlobalSection
	GlobalSection(ExtensibilityGlobals) = postSolution
		SolutionGuid = {0B907CBD-1735-4EAC-BE7B-80D013D251F6}
	EndGlobalSection
EndGlobal
